
Microsoft Visual Studio Solution File, Format Version 12.00
# Visual Studio Version 17
VisualStudioVersion = 17.14.36202.13 d17.14
MinimumVisualStudioVersion = 10.0.40219.1
Project("{FAE04EC0-301F-11D3-BF4B-00C04F79EFBC}") = "ValidationLogin", "ValidationLogin\ValidationLogin.csproj", "{06FC8C8E-2DF1-4D98-BD0F-02F55B42AA8F}"
EndProject
Global
	GlobalSection(SolutionConfigurationPlatforms) = preSolution
		Debug|Any CPU = Debug|Any CPU
		Release|Any CPU = Release|Any CPU
	EndGlobalSection
	GlobalSection(ProjectConfigurationPlatforms) = postSolution
		{06FC8C8E-2DF1-4D98-BD0F-02F55B42AA8F}.Debug|Any CPU.ActiveCfg = Debug|Any CPU
		{06FC8C8E-2DF1-4D98-BD0F-02F55B42AA8F}.Debug|Any CPU.Build.0 = Debug|Any CPU
		{06FC8C8E-2DF1-4D98-BD0F-02F55B42AA8F}.Release|Any CPU.ActiveCfg = Release|Any CPU
		{06FC8C8E-2DF1-4D98-BD0F-02F55B42AA8F}.Release|Any CPU.Build.0 = Release|Any CPU
	EndGlobalSection
	GlobalSection(SolutionProperties) = preSolution
		HideSolutionNode = FALSE
	EndGlobalSection
	GlobalSection(ExtensibilityGlobals) = postSolution
		SolutionGuid = {AE0ED8C0-77F0-4D33-8BA3-C635D90ACB2D}
	EndGlobalSection
EndGlobal
